
Microsoft Visual Studio Solution File, Format Version 12.00
# Visual Studio Version 17
VisualStudioVersion = 17.8.34330.188
MinimumVisualStudioVersion = 10.0.40219.1
Project("{FAE04EC0-301F-11D3-BF4B-00C04F79EFBC}") = "TeacherWebApp", "TeacherWebApp\TeacherWebApp.csproj", "{4EE57FD4-8FE8-45E2-A88D-D3A86D6DDF20}"
EndProject
Global
	GlobalSection(SolutionConfigurationPlatforms) = preSolution
		Debug|Any CPU = Debug|Any CPU
		Release|Any CPU = Release|Any CPU
	EndGlobalSection
	GlobalSection(ProjectConfigurationPlatforms) = postSolution
		{4EE57FD4-8FE8-45E2-A88D-D3A86D6DDF20}.Debug|Any CPU.ActiveCfg = Debug|Any CPU
		{4EE57FD4-8FE8-45E2-A88D-D3A86D6DDF20}.Debug|Any CPU.Build.0 = Debug|Any CPU
		{4EE57FD4-8FE8-45E2-A88D-D3A86D6DDF20}.Release|Any CPU.ActiveCfg = Release|Any CPU
		{4EE57FD4-8FE8-45E2-A88D-D3A86D6DDF20}.Release|Any CPU.Build.0 = Release|Any CPU
	EndGlobalSection
	GlobalSection(SolutionProperties) = preSolution
		HideSolutionNode = FALSE
	EndGlobalSection
	GlobalSection(ExtensibilityGlobals) = postSolution
		SolutionGuid = {3A9444A0-BE4D-447E-B822-64D5FA0AAB45}
	EndGlobalSection
EndGlobal
